// !$*UTF8*$!
{
	archiveVersion = 1;
	classes = {
	};
	objectVersion = 46;
	objects = {

/* Begin PBXAggregateTarget section */
		16BFDBBCC061913F1CADEF4A /* ALL_BUILD */ = {
			isa = PBXAggregateTarget;
			buildConfigurationList = 459ECCBEBEE1401DBA92CDC3 /* Build configuration list for PBXAggregateTarget "ALL_BUILD" */;
			buildPhases = (
				058E6A0206D41EA1A9526D97 /* Generate CMakeFiles/ALL_BUILD */,
			);
			dependencies = (
				CAA8FCEF91BD4CD5BDA4A8A6 /* PBXTargetDependency */,
				7CA2A1405736459290C24504 /* PBXTargetDependency */,
				74A218E45E384AA2BACF0682 /* PBXTargetDependency */,
			);
			name = ALL_BUILD;
			productName = ALL_BUILD;
		};
		2F6E340B880F8019E67E84A3 /* install */ = {
			isa = PBXAggregateTarget;
			buildConfigurationList = 564CC74D44D14A3DA91ACC44 /* Build configuration list for PBXAggregateTarget "install" */;
			buildPhases = (
				93426DA6A4AC2C2AC9CE883C /* CMake PostBuild Rules */,
			);
			dependencies = (
				6042A60F1FBD46BDB137B337 /* PBXTargetDependency */,
			);
			name = install;
			productName = install;
		};
		682A2F1F20D8339B84A3D770 /* package */ = {
			isa = PBXAggregateTarget;
			buildConfigurationList = 13DBEAE27DF749E99600CBEC /* Build configuration list for PBXAggregateTarget "package" */;
			buildPhases = (
				571234464C2A5D0D43F1AB42 /* CMake PostBuild Rules */,
			);
			dependencies = (
				C57F036528FE402FB14612EF /* PBXTargetDependency */,
			);
			name = package;
			productName = package;
		};
		B0B29501EBEC1C234713D131 /* ZERO_CHECK */ = {
			isa = PBXAggregateTarget;
			buildConfigurationList = 51EBE80A76BF4E809B1C72D0 /* Build configuration list for PBXAggregateTarget "ZERO_CHECK" */;
			buildPhases = (
				F3A661D5D368059F9CE9F53F /* Generate CMakeFiles/ZERO_CHECK */,
			);
			dependencies = (
			);
			name = ZERO_CHECK;
			productName = ZERO_CHECK;
		};
/* End PBXAggregateTarget section */

/* Begin PBXBuildFile section */
		0781CA086E3C4474804A9ABF /* /Users/alexmatos/flycast/shell/apple/emulator-ios/AltKit/Sources/AltKit/Server/Server.swift */ = {isa = PBXBuildFile; fileRef = 157368C029304DFAB12848AF /* /Users/alexmatos/flycast/shell/apple/emulator-ios/AltKit/Sources/AltKit/Server/Server.swift */; };
		11318319959C4A26B04237F0 /* /Users/alexmatos/flycast/shell/apple/emulator-ios/AltKit/Sources/AltKit/Extensions/ALTServerError+Conveniences.swift */ = {isa = PBXBuildFile; fileRef = 932E04B61A734609BAF8EF38 /* /Users/alexmatos/flycast/shell/apple/emulator-ios/AltKit/Sources/AltKit/Extensions/ALTServerError+Conveniences.swift */; };
		18565CF9C1B2447199312A4E /* /Users/alexmatos/flycast/shell/apple/emulator-ios/AltKit/Sources/AltKit/Extensions/Result+Conveniences.swift */ = {isa = PBXBuildFile; fileRef = 23C475A9C3704BE4B968DD70 /* /Users/alexmatos/flycast/shell/apple/emulator-ios/AltKit/Sources/AltKit/Extensions/Result+Conveniences.swift */; };
		2582313C0E574CC69EC80F28 /* /Users/alexmatos/flycast/shell/apple/emulator-ios/AltKit/Sources/CAltKit/NSError+ALTServerError.h */ = {isa = PBXBuildFile; fileRef = E6421623A03A4BC2946AC6EB /* /Users/alexmatos/flycast/shell/apple/emulator-ios/AltKit/Sources/CAltKit/NSError+ALTServerError.h */; };
		4CF97D0D054249C9B51E6306 /* /Users/alexmatos/flycast/shell/apple/emulator-ios/AltKit/Sources/AltKit/Server/ServerConnection.swift */ = {isa = PBXBuildFile; fileRef = B224C6931CA747059DD47B1E /* /Users/alexmatos/flycast/shell/apple/emulator-ios/AltKit/Sources/AltKit/Server/ServerConnection.swift */; };
		7D7F6E17123A474DB21D5077 /* /Users/alexmatos/flycast/shell/apple/emulator-ios/AltKit/Sources/AltKit/Server/NetworkConnection.swift */ = {isa = PBXBuildFile; fileRef = B1100CFD618048E5ACCDF7CF /* /Users/alexmatos/flycast/shell/apple/emulator-ios/AltKit/Sources/AltKit/Server/NetworkConnection.swift */; };
		9C1DE1FDE7A04A64901E3E6B /* /Users/alexmatos/flycast/shell/apple/emulator-ios/AltKit/Sources/AltKit/Server/ServerProtocol.swift */ = {isa = PBXBuildFile; fileRef = 0BDB012DD15A4CA6ADB8C88F /* /Users/alexmatos/flycast/shell/apple/emulator-ios/AltKit/Sources/AltKit/Server/ServerProtocol.swift */; };
		B19D91E3AF3F41B1B19BABB5 /* /Users/alexmatos/flycast/shell/apple/emulator-ios/AltKit/Sources/AltKit/Types/CodableServerError.swift */ = {isa = PBXBuildFile; fileRef = 6FA06993E1894572BB996B80 /* /Users/alexmatos/flycast/shell/apple/emulator-ios/AltKit/Sources/AltKit/Types/CodableServerError.swift */; };
		BA19B38B01A94493A621C329 /* /Users/alexmatos/flycast/shell/apple/emulator-ios/AltKit/Sources/AltKit/Server/Connection.swift */ = {isa = PBXBuildFile; fileRef = 2AD4CE1E390A432AA2D7DB10 /* /Users/alexmatos/flycast/shell/apple/emulator-ios/AltKit/Sources/AltKit/Server/Connection.swift */; };
		C85B5C3F97594B13AE0AA434 /* /Users/alexmatos/flycast/shell/apple/emulator-ios/AltKit/CMakeLists.txt */ = {isa = PBXBuildFile; fileRef = 3C969213C43E4BBB80E62CED /* /Users/alexmatos/flycast/shell/apple/emulator-ios/AltKit/CMakeLists.txt */; };
		C94A33FBCE354631B5B85DAC /* /Users/alexmatos/flycast/build-ios/shell/apple/emulator-ios/AltKit/CMakeFiles/AltKit.dir/Info.plist */ = {isa = PBXBuildFile; fileRef = 8911313114704DBE80DF5837 /* /Users/alexmatos/flycast/build-ios/shell/apple/emulator-ios/AltKit/CMakeFiles/AltKit.dir/Info.plist */; };
		E8B5645CADBA4BD0A4F3CB5E /* /Users/alexmatos/flycast/build-ios/shell/apple/emulator-ios/AltKit/CMakeFiles/CAltKit.dir/Info.plist */ = {isa = PBXBuildFile; fileRef = F20EB768112A43DB9A03EADB /* /Users/alexmatos/flycast/build-ios/shell/apple/emulator-ios/AltKit/CMakeFiles/CAltKit.dir/Info.plist */; };
		FAA9B519DC304AB1882F61F7 /* /Users/alexmatos/flycast/shell/apple/emulator-ios/AltKit/Sources/AltKit/Server/ServerManager.swift */ = {isa = PBXBuildFile; fileRef = F05EBD56422E4C6A82343099 /* /Users/alexmatos/flycast/shell/apple/emulator-ios/AltKit/Sources/AltKit/Server/ServerManager.swift */; };
		FE4D6667319D4E818D26353A /* /Users/alexmatos/flycast/shell/apple/emulator-ios/AltKit/CMakeLists.txt */ = {isa = PBXBuildFile; fileRef = B6EC55C5A09648F2A7A5258E /* /Users/alexmatos/flycast/shell/apple/emulator-ios/AltKit/CMakeLists.txt */; };
		FFF7B81754EE497190A697E6 /* /Users/alexmatos/flycast/shell/apple/emulator-ios/AltKit/Sources/CAltKit/NSError+ALTServerError.m */ = {isa = PBXBuildFile; fileRef = 34D1C0BFFA4046ECA508E0B4 /* /Users/alexmatos/flycast/shell/apple/emulator-ios/AltKit/Sources/CAltKit/NSError+ALTServerError.m */; };
/* End PBXBuildFile section */

/* Begin PBXBuildStyle section */
		0BE2623456B54052B724239F /* Debug */ = {
			isa = PBXBuildStyle;
			buildSettings = {
				COPY_PHASE_STRIP = NO;
			};
			name = Debug;
		};
		3B4F205C7BAA49DEB35734BF /* RelWithDebInfo */ = {
			isa = PBXBuildStyle;
			buildSettings = {
				COPY_PHASE_STRIP = NO;
			};
			name = RelWithDebInfo;
		};
		83D74755187A403D81289235 /* Release */ = {
			isa = PBXBuildStyle;
			buildSettings = {
				COPY_PHASE_STRIP = NO;
			};
			name = Release;
		};
		C83AB466D24640B5A19C3F4D /* MinSizeRel */ = {
			isa = PBXBuildStyle;
			buildSettings = {
				COPY_PHASE_STRIP = NO;
			};
			name = MinSizeRel;
		};
/* End PBXBuildStyle section */

/* Begin PBXContainerItemProxy section */
		2284E47B29EF4C5699648B34 /* PBXContainerItemProxy */ = {
			isa = PBXContainerItemProxy;
			containerPortal = 0AA8456DFC164E72AB64EEAC /* Project object */;
			proxyType = 1;
			remoteGlobalIDString = 16BFDBBCC061913F1CADEF4A;
			remoteInfo = ALL_BUILD;
		};
		4C624053E0CA4022878E391B /* PBXContainerItemProxy */ = {
			isa = PBXContainerItemProxy;
			containerPortal = 0AA8456DFC164E72AB64EEAC /* Project object */;
			proxyType = 1;
			remoteGlobalIDString = 16BFDBBCC061913F1CADEF4A;
			remoteInfo = ALL_BUILD;
		};
		84857A326CD54253925C3FC8 /* PBXContainerItemProxy */ = {
			isa = PBXContainerItemProxy;
			containerPortal = 0AA8456DFC164E72AB64EEAC /* Project object */;
			proxyType = 1;
			remoteGlobalIDString = 19C354B4BAF364491BCB2867;
			remoteInfo = CAltKit;
		};
		97A0E3FCACCE4C628DD3DF42 /* PBXContainerItemProxy */ = {
			isa = PBXContainerItemProxy;
			containerPortal = 0AA8456DFC164E72AB64EEAC /* Project object */;
			proxyType = 1;
			remoteGlobalIDString = B0B29501EBEC1C234713D131;
			remoteInfo = ZERO_CHECK;
		};
		B9E2A5A71D974F7E9CC230F0 /* PBXContainerItemProxy */ = {
			isa = PBXContainerItemProxy;
			containerPortal = 0AA8456DFC164E72AB64EEAC /* Project object */;
			proxyType = 1;
			remoteGlobalIDString = CCFC52D0FC9924DF18FB7D7A;
			remoteInfo = AltKit;
		};
		CED0F8E7600D4DA6AB270327 /* PBXContainerItemProxy */ = {
			isa = PBXContainerItemProxy;
			containerPortal = 0AA8456DFC164E72AB64EEAC /* Project object */;
			proxyType = 1;
			remoteGlobalIDString = B0B29501EBEC1C234713D131;
			remoteInfo = ZERO_CHECK;
		};
		F0A187B1675E423CBE9898B5 /* PBXContainerItemProxy */ = {
			isa = PBXContainerItemProxy;
			containerPortal = 0AA8456DFC164E72AB64EEAC /* Project object */;
			proxyType = 1;
			remoteGlobalIDString = 19C354B4BAF364491BCB2867;
			remoteInfo = CAltKit;
		};
		FFFA36B0FC474ADABA5FE8EF /* PBXContainerItemProxy */ = {
			isa = PBXContainerItemProxy;
			containerPortal = 0AA8456DFC164E72AB64EEAC /* Project object */;
			proxyType = 1;
			remoteGlobalIDString = B0B29501EBEC1C234713D131;
			remoteInfo = ZERO_CHECK;
		};
/* End PBXContainerItemProxy section */

/* Begin PBXFileReference section */
		0BDB012DD15A4CA6ADB8C88F /* /Users/alexmatos/flycast/shell/apple/emulator-ios/AltKit/Sources/AltKit/Server/ServerProtocol.swift */ = {isa = PBXFileReference; explicitFileType = sourcecode.swift; fileEncoding = 4; name = ServerProtocol.swift; path = Sources/AltKit/Server/ServerProtocol.swift; sourceTree = SOURCE_ROOT; };
		157368C029304DFAB12848AF /* /Users/alexmatos/flycast/shell/apple/emulator-ios/AltKit/Sources/AltKit/Server/Server.swift */ = {isa = PBXFileReference; explicitFileType = sourcecode.swift; fileEncoding = 4; name = Server.swift; path = Sources/AltKit/Server/Server.swift; sourceTree = SOURCE_ROOT; };
		23C475A9C3704BE4B968DD70 /* /Users/alexmatos/flycast/shell/apple/emulator-ios/AltKit/Sources/AltKit/Extensions/Result+Conveniences.swift */ = {isa = PBXFileReference; explicitFileType = sourcecode.swift; fileEncoding = 4; name = "Result+Conveniences.swift"; path = "Sources/AltKit/Extensions/Result+Conveniences.swift"; sourceTree = SOURCE_ROOT; };
		2AD4CE1E390A432AA2D7DB10 /* /Users/alexmatos/flycast/shell/apple/emulator-ios/AltKit/Sources/AltKit/Server/Connection.swift */ = {isa = PBXFileReference; explicitFileType = sourcecode.swift; fileEncoding = 4; name = Connection.swift; path = Sources/AltKit/Server/Connection.swift; sourceTree = SOURCE_ROOT; };
		34D1C0BFFA4046ECA508E0B4 /* /Users/alexmatos/flycast/shell/apple/emulator-ios/AltKit/Sources/CAltKit/NSError+ALTServerError.m */ = {isa = PBXFileReference; explicitFileType = sourcecode.c.objc; fileEncoding = 4; name = "NSError+ALTServerError.m"; path = "Sources/CAltKit/NSError+ALTServerError.m"; sourceTree = SOURCE_ROOT; };
		3C969213C43E4BBB80E62CED /* /Users/alexmatos/flycast/shell/apple/emulator-ios/AltKit/CMakeLists.txt */ = {isa = PBXFileReference; explicitFileType = sourcecode.text; fileEncoding = 4; name = CMakeLists.txt; path = CMakeLists.txt; sourceTree = SOURCE_ROOT; };
		3D103D80235F41D28B730D2A /* CAltKit */ = {isa = PBXFileReference; explicitFileType = archive.ar; path = libCAltKit.a; sourceTree = BUILT_PRODUCTS_DIR; };
		6FA06993E1894572BB996B80 /* /Users/alexmatos/flycast/shell/apple/emulator-ios/AltKit/Sources/AltKit/Types/CodableServerError.swift */ = {isa = PBXFileReference; explicitFileType = sourcecode.swift; fileEncoding = 4; name = CodableServerError.swift; path = Sources/AltKit/Types/CodableServerError.swift; sourceTree = SOURCE_ROOT; };
		8911313114704DBE80DF5837 /* /Users/alexmatos/flycast/build-ios/shell/apple/emulator-ios/AltKit/CMakeFiles/AltKit.dir/Info.plist */ = {isa = PBXFileReference; explicitFileType = sourcecode.text.plist; fileEncoding = 4; name = Info.plist; path = "/Users/alexmatos/flycast/build-ios/shell/apple/emulator-ios/AltKit/CMakeFiles/AltKit.dir/Info.plist"; sourceTree = "<absolute>"; };
		932E04B61A734609BAF8EF38 /* /Users/alexmatos/flycast/shell/apple/emulator-ios/AltKit/Sources/AltKit/Extensions/ALTServerError+Conveniences.swift */ = {isa = PBXFileReference; explicitFileType = sourcecode.swift; fileEncoding = 4; name = "ALTServerError+Conveniences.swift"; path = "Sources/AltKit/Extensions/ALTServerError+Conveniences.swift"; sourceTree = SOURCE_ROOT; };
		B1100CFD618048E5ACCDF7CF /* /Users/alexmatos/flycast/shell/apple/emulator-ios/AltKit/Sources/AltKit/Server/NetworkConnection.swift */ = {isa = PBXFileReference; explicitFileType = sourcecode.swift; fileEncoding = 4; name = NetworkConnection.swift; path = Sources/AltKit/Server/NetworkConnection.swift; sourceTree = SOURCE_ROOT; };
		B224C6931CA747059DD47B1E /* /Users/alexmatos/flycast/shell/apple/emulator-ios/AltKit/Sources/AltKit/Server/ServerConnection.swift */ = {isa = PBXFileReference; explicitFileType = sourcecode.swift; fileEncoding = 4; name = ServerConnection.swift; path = Sources/AltKit/Server/ServerConnection.swift; sourceTree = SOURCE_ROOT; };
		B6EC55C5A09648F2A7A5258E /* /Users/alexmatos/flycast/shell/apple/emulator-ios/AltKit/CMakeLists.txt */ = {isa = PBXFileReference; explicitFileType = sourcecode.text; fileEncoding = 4; name = CMakeLists.txt; path = CMakeLists.txt; sourceTree = SOURCE_ROOT; };
		C40ECBEFD56340FF8A863CF5 /* /Users/alexmatos/flycast/shell/apple/emulator-ios/AltKit/CMakeLists.txt */ = {isa = PBXFileReference; explicitFileType = sourcecode.text; fileEncoding = 4; name = CMakeLists.txt; path = CMakeLists.txt; sourceTree = SOURCE_ROOT; };
		E6421623A03A4BC2946AC6EB /* /Users/alexmatos/flycast/shell/apple/emulator-ios/AltKit/Sources/CAltKit/NSError+ALTServerError.h */ = {isa = PBXFileReference; explicitFileType = sourcecode.c.h; fileEncoding = 4; name = "NSError+ALTServerError.h"; path = "Sources/CAltKit/NSError+ALTServerError.h"; sourceTree = SOURCE_ROOT; };
		E8E595D7A7344A3A85D80A95 /* AltKit */ = {isa = PBXFileReference; explicitFileType = archive.ar; path = libAltKit.a; sourceTree = BUILT_PRODUCTS_DIR; };
		F05EBD56422E4C6A82343099 /* /Users/alexmatos/flycast/shell/apple/emulator-ios/AltKit/Sources/AltKit/Server/ServerManager.swift */ = {isa = PBXFileReference; explicitFileType = sourcecode.swift; fileEncoding = 4; name = ServerManager.swift; path = Sources/AltKit/Server/ServerManager.swift; sourceTree = SOURCE_ROOT; };
		F20EB768112A43DB9A03EADB /* /Users/alexmatos/flycast/build-ios/shell/apple/emulator-ios/AltKit/CMakeFiles/CAltKit.dir/Info.plist */ = {isa = PBXFileReference; explicitFileType = sourcecode.text.plist; fileEncoding = 4; name = Info.plist; path = "/Users/alexmatos/flycast/build-ios/shell/apple/emulator-ios/AltKit/CMakeFiles/CAltKit.dir/Info.plist"; sourceTree = "<absolute>"; };
/* End PBXFileReference section */

/* Begin PBXFrameworksBuildPhase section */
		5756E4E0DEC74EE2BCBBAA98 /* Frameworks */ = {
			isa = PBXFrameworksBuildPhase;
			buildActionMask = 2147483647;
			files = (
			);
			runOnlyForDeploymentPostprocessing = 0;
		};
		F5E1B153E7474958B2EB0894 /* Frameworks */ = {
			isa = PBXFrameworksBuildPhase;
			buildActionMask = 2147483647;
			files = (
			);
			runOnlyForDeploymentPostprocessing = 0;
		};
/* End PBXFrameworksBuildPhase section */

/* Begin PBXGroup section */
		14D5A357BDFD41DF9C322C4C /* CAltKit */ = {
			isa = PBXGroup;
			children = (
				474F0F8347E3448490B7384B /* Header Files */,
				3D02C1A2AB384096B09CFA41 /* Resources */,
				80DEC8A06DFD428FBA9741C5 /* Source Files */,
				3C969213C43E4BBB80E62CED /* /Users/alexmatos/flycast/shell/apple/emulator-ios/AltKit/CMakeLists.txt */,
			);
			name = CAltKit;
			sourceTree = "<group>";
		};
		238DE9BE33F248128DA7AD1A = {
			isa = PBXGroup;
			children = (
				FA65471F526A4C04A2106EC6 /* ALL_BUILD */,
				72D03CA5B8F249838405EEEA /* AltKit */,
				14D5A357BDFD41DF9C322C4C /* CAltKit */,
				96827465A592441BA4374E77 /* Products */,
				D2D2790F4272403F975EEF7B /* Frameworks */,
				721832D3C0AE40E58109AFD2 /* Resources */,
			);
			sourceTree = "<group>";
		};
		3D02C1A2AB384096B09CFA41 /* Resources */ = {
			isa = PBXGroup;
			children = (
				F20EB768112A43DB9A03EADB /* /Users/alexmatos/flycast/build-ios/shell/apple/emulator-ios/AltKit/CMakeFiles/CAltKit.dir/Info.plist */,
			);
			name = Resources;
			sourceTree = "<group>";
		};
		474F0F8347E3448490B7384B /* Header Files */ = {
			isa = PBXGroup;
			children = (
				E6421623A03A4BC2946AC6EB /* /Users/alexmatos/flycast/shell/apple/emulator-ios/AltKit/Sources/CAltKit/NSError+ALTServerError.h */,
			);
			name = "Header Files";
			sourceTree = "<group>";
		};
		721832D3C0AE40E58109AFD2 /* Resources */ = {
			isa = PBXGroup;
			children = (
			);
			name = Resources;
			sourceTree = "<group>";
		};
		72D03CA5B8F249838405EEEA /* AltKit */ = {
			isa = PBXGroup;
			children = (
				9DCE7204D549476FA2FAF84B /* Resources */,
				B6EC55C5A09648F2A7A5258E /* /Users/alexmatos/flycast/shell/apple/emulator-ios/AltKit/CMakeLists.txt */,
				932E04B61A734609BAF8EF38 /* /Users/alexmatos/flycast/shell/apple/emulator-ios/AltKit/Sources/AltKit/Extensions/ALTServerError+Conveniences.swift */,
				23C475A9C3704BE4B968DD70 /* /Users/alexmatos/flycast/shell/apple/emulator-ios/AltKit/Sources/AltKit/Extensions/Result+Conveniences.swift */,
				2AD4CE1E390A432AA2D7DB10 /* /Users/alexmatos/flycast/shell/apple/emulator-ios/AltKit/Sources/AltKit/Server/Connection.swift */,
				B1100CFD618048E5ACCDF7CF /* /Users/alexmatos/flycast/shell/apple/emulator-ios/AltKit/Sources/AltKit/Server/NetworkConnection.swift */,
				157368C029304DFAB12848AF /* /Users/alexmatos/flycast/shell/apple/emulator-ios/AltKit/Sources/AltKit/Server/Server.swift */,
				B224C6931CA747059DD47B1E /* /Users/alexmatos/flycast/shell/apple/emulator-ios/AltKit/Sources/AltKit/Server/ServerConnection.swift */,
				F05EBD56422E4C6A82343099 /* /Users/alexmatos/flycast/shell/apple/emulator-ios/AltKit/Sources/AltKit/Server/ServerManager.swift */,
				0BDB012DD15A4CA6ADB8C88F /* /Users/alexmatos/flycast/shell/apple/emulator-ios/AltKit/Sources/AltKit/Server/ServerProtocol.swift */,
				6FA06993E1894572BB996B80 /* /Users/alexmatos/flycast/shell/apple/emulator-ios/AltKit/Sources/AltKit/Types/CodableServerError.swift */,
			);
			name = AltKit;
			sourceTree = "<group>";
		};
		80DEC8A06DFD428FBA9741C5 /* Source Files */ = {
			isa = PBXGroup;
			children = (
				34D1C0BFFA4046ECA508E0B4 /* /Users/alexmatos/flycast/shell/apple/emulator-ios/AltKit/Sources/CAltKit/NSError+ALTServerError.m */,
			);
			name = "Source Files";
			sourceTree = "<group>";
		};
		96827465A592441BA4374E77 /* Products */ = {
			isa = PBXGroup;
			children = (
				E8E595D7A7344A3A85D80A95 /* AltKit */,
				3D103D80235F41D28B730D2A /* CAltKit */,
			);
			name = Products;
			sourceTree = "<group>";
		};
		983CEF927E3C44F0BAA6B27C /* CMake Rules */ = {
			isa = PBXGroup;
			children = (
			);
			name = "CMake Rules";
			sourceTree = "<group>";
		};
		9DCE7204D549476FA2FAF84B /* Resources */ = {
			isa = PBXGroup;
			children = (
				8911313114704DBE80DF5837 /* /Users/alexmatos/flycast/build-ios/shell/apple/emulator-ios/AltKit/CMakeFiles/AltKit.dir/Info.plist */,
			);
			name = Resources;
			sourceTree = "<group>";
		};
		D2D2790F4272403F975EEF7B /* Frameworks */ = {
			isa = PBXGroup;
			children = (
			);
			name = Frameworks;
			sourceTree = "<group>";
		};
		FA65471F526A4C04A2106EC6 /* ALL_BUILD */ = {
			isa = PBXGroup;
			children = (
				983CEF927E3C44F0BAA6B27C /* CMake Rules */,
				C40ECBEFD56340FF8A863CF5 /* /Users/alexmatos/flycast/shell/apple/emulator-ios/AltKit/CMakeLists.txt */,
			);
			name = ALL_BUILD;
			sourceTree = "<group>";
		};
/* End PBXGroup section */

/* Begin PBXNativeTarget section */
		19C354B4BAF364491BCB2867 /* CAltKit */ = {
			isa = PBXNativeTarget;
			buildConfigurationList = 32F21D6CE93F4AD0AE802F5E /* Build configuration list for PBXNativeTarget "CAltKit" */;
			buildPhases = (
				71521687B862471298A50B18 /* Sources */,
				F5E1B153E7474958B2EB0894 /* Frameworks */,
			);
			buildRules = (
			);
			dependencies = (
				82C9ABD98DC849FA9527E170 /* PBXTargetDependency */,
			);
			name = CAltKit;
			productName = CAltKit;
			productReference = 3D103D80235F41D28B730D2A /* CAltKit */;
			productType = "com.apple.product-type.library.static";
		};
		CCFC52D0FC9924DF18FB7D7A /* AltKit */ = {
			isa = PBXNativeTarget;
			buildConfigurationList = D1EF09277DC14EB498A1B00F /* Build configuration list for PBXNativeTarget "AltKit" */;
			buildPhases = (
				436D4F5680D5432387C22BF8 /* Sources */,
				5756E4E0DEC74EE2BCBBAA98 /* Frameworks */,
				AB2D93E933F4A0743BE4F50F /* CMake PostBuild Rules */,
			);
			buildRules = (
			);
			dependencies = (
				A901E0E0890C40E19DD927B9 /* PBXTargetDependency */,
				FCF646386101471F8122A638 /* PBXTargetDependency */,
			);
			name = AltKit;
			productName = AltKit;
			productReference = E8E595D7A7344A3A85D80A95 /* AltKit */;
			productType = "com.apple.product-type.library.static";
		};
/* End PBXNativeTarget section */

/* Begin PBXProject section */
		0AA8456DFC164E72AB64EEAC /* Project object */ = {
			isa = PBXProject;
			attributes = {
				BuildIndependentTargetsInParallel = YES;
				LastUpgradeCheck = 1620;
			};
			buildConfigurationList = 10C5D15110C342A4AD275707 /* Build configuration list for PBXProject "AltKit" */;
			buildSettings = {
			};
			buildStyles = (
				0BE2623456B54052B724239F /* Debug */,
				83D74755187A403D81289235 /* Release */,
				C83AB466D24640B5A19C3F4D /* MinSizeRel */,
				3B4F205C7BAA49DEB35734BF /* RelWithDebInfo */,
			);
			compatibilityVersion = "Xcode 3.2";
			hasScannedForEncodings = 0;
			mainGroup = 238DE9BE33F248128DA7AD1A;
			projectDirPath = "/Users/alexmatos/flycast/shell/apple/emulator-ios/AltKit";
			projectRoot = "";
			targets = (
				16BFDBBCC061913F1CADEF4A /* ALL_BUILD */,
				CCFC52D0FC9924DF18FB7D7A /* AltKit */,
				19C354B4BAF364491BCB2867 /* CAltKit */,
				2F6E340B880F8019E67E84A3 /* install */,
				682A2F1F20D8339B84A3D770 /* package */,
				B0B29501EBEC1C234713D131 /* ZERO_CHECK */,
			);
		};
/* End PBXProject section */

/* Begin PBXShellScriptBuildPhase section */
		058E6A0206D41EA1A9526D97 /* Generate CMakeFiles/ALL_BUILD */ = {
			isa = PBXShellScriptBuildPhase;
			alwaysOutOfDate = 1;
			buildActionMask = 2147483647;
			files = (
			);
			inputPaths = (
			);
			name = "Generate CMakeFiles/ALL_BUILD";
			outputPaths = (
"/Users/alexmatos/flycast/build-ios/shell/apple/emulator-ios/AltKit/CMakeFiles/ALL_BUILD"			);
			runOnlyForDeploymentPostprocessing = 0;
			shellPath = /bin/sh;
			shellScript = "set -e
if test \"$CONFIGURATION\" = \"Debug\"; then :
  cd /Users/alexmatos/flycast/build-ios/shell/apple/emulator-ios/AltKit
  echo Build\\ all\\ projects
fi
if test \"$CONFIGURATION\" = \"Release\"; then :
  cd /Users/alexmatos/flycast/build-ios/shell/apple/emulator-ios/AltKit
  echo Build\\ all\\ projects
fi
if test \"$CONFIGURATION\" = \"MinSizeRel\"; then :
  cd /Users/alexmatos/flycast/build-ios/shell/apple/emulator-ios/AltKit
  echo Build\\ all\\ projects
fi
if test \"$CONFIGURATION\" = \"RelWithDebInfo\"; then :
  cd /Users/alexmatos/flycast/build-ios/shell/apple/emulator-ios/AltKit
  echo Build\\ all\\ projects
fi
";
			showEnvVarsInLog = 0;
		};
		3C0110FC8322DE7E50886E21 = {
			isa = PBXShellScriptBuildPhase;
			buildActionMask = 2147483647;
			files = (
			);
			inputPaths = (
			);
			outputPaths = (
			);
			runOnlyForDeploymentPostprocessing = 0;
			shellPath = /bin/sh;
			shellScript = "# shell script goes here
exit 0";
			showEnvVarsInLog = 0;
		};
		571234464C2A5D0D43F1AB42 /* CMake PostBuild Rules */ = {
			isa = PBXShellScriptBuildPhase;
			alwaysOutOfDate = 1;
			buildActionMask = 2147483647;
			files = (
			);
			inputPaths = (
			);
			name = "CMake PostBuild Rules";
			outputPaths = (
			);
			runOnlyForDeploymentPostprocessing = 0;
			shellPath = /bin/sh;
			shellScript = "set -e
if test \"$CONFIGURATION\" = \"Debug\"; then :
  cd /Users/alexmatos/flycast/build-ios
  /opt/homebrew/bin/cpack -C $CONFIGURATION$EFFECTIVE_PLATFORM_NAME --config ./CPackConfig.cmake
fi
if test \"$CONFIGURATION\" = \"Release\"; then :
  cd /Users/alexmatos/flycast/build-ios
  /opt/homebrew/bin/cpack -C $CONFIGURATION$EFFECTIVE_PLATFORM_NAME --config ./CPackConfig.cmake
fi
if test \"$CONFIGURATION\" = \"MinSizeRel\"; then :
  cd /Users/alexmatos/flycast/build-ios
  /opt/homebrew/bin/cpack -C $CONFIGURATION$EFFECTIVE_PLATFORM_NAME --config ./CPackConfig.cmake
fi
if test \"$CONFIGURATION\" = \"RelWithDebInfo\"; then :
  cd /Users/alexmatos/flycast/build-ios
  /opt/homebrew/bin/cpack -C $CONFIGURATION$EFFECTIVE_PLATFORM_NAME --config ./CPackConfig.cmake
fi
";
			showEnvVarsInLog = 0;
		};
		661D9C604B3B91332E7543CC = {
			isa = PBXShellScriptBuildPhase;
			buildActionMask = 2147483647;
			files = (
			);
			inputPaths = (
			);
			outputPaths = (
			);
			runOnlyForDeploymentPostprocessing = 0;
			shellPath = /bin/sh;
			shellScript = "# shell script goes here
exit 0";
			showEnvVarsInLog = 0;
		};
		87AF4882E018677E2624B544 = {
			isa = PBXShellScriptBuildPhase;
			buildActionMask = 2147483647;
			files = (
			);
			inputPaths = (
			);
			outputPaths = (
			);
			runOnlyForDeploymentPostprocessing = 0;
			shellPath = /bin/sh;
			shellScript = "# shell script goes here
exit 0";
			showEnvVarsInLog = 0;
		};
		93426DA6A4AC2C2AC9CE883C /* CMake PostBuild Rules */ = {
			isa = PBXShellScriptBuildPhase;
			alwaysOutOfDate = 1;
			buildActionMask = 2147483647;
			files = (
			);
			inputPaths = (
			);
			name = "CMake PostBuild Rules";
			outputPaths = (
			);
			runOnlyForDeploymentPostprocessing = 0;
			shellPath = /bin/sh;
			shellScript = "set -e
if test \"$CONFIGURATION\" = \"Debug\"; then :
  cd /Users/alexmatos/flycast/build-ios/shell/apple/emulator-ios/AltKit
  /opt/homebrew/bin/cmake -DBUILD_TYPE=$CONFIGURATION -DEFFECTIVE_PLATFORM_NAME=$EFFECTIVE_PLATFORM_NAME -P cmake_install.cmake
fi
if test \"$CONFIGURATION\" = \"Release\"; then :
  cd /Users/alexmatos/flycast/build-ios/shell/apple/emulator-ios/AltKit
  /opt/homebrew/bin/cmake -DBUILD_TYPE=$CONFIGURATION -DEFFECTIVE_PLATFORM_NAME=$EFFECTIVE_PLATFORM_NAME -P cmake_install.cmake
fi
if test \"$CONFIGURATION\" = \"MinSizeRel\"; then :
  cd /Users/alexmatos/flycast/build-ios/shell/apple/emulator-ios/AltKit
  /opt/homebrew/bin/cmake -DBUILD_TYPE=$CONFIGURATION -DEFFECTIVE_PLATFORM_NAME=$EFFECTIVE_PLATFORM_NAME -P cmake_install.cmake
fi
if test \"$CONFIGURATION\" = \"RelWithDebInfo\"; then :
  cd /Users/alexmatos/flycast/build-ios/shell/apple/emulator-ios/AltKit
  /opt/homebrew/bin/cmake -DBUILD_TYPE=$CONFIGURATION -DEFFECTIVE_PLATFORM_NAME=$EFFECTIVE_PLATFORM_NAME -P cmake_install.cmake
fi
";
			showEnvVarsInLog = 0;
		};
		9B50530E35CC49C82C2FACCF = {
			isa = PBXShellScriptBuildPhase;
			buildActionMask = 2147483647;
			files = (
			);
			inputPaths = (
			);
			outputPaths = (
			);
			runOnlyForDeploymentPostprocessing = 0;
			shellPath = /bin/sh;
			shellScript = "# shell script goes here
exit 0";
			showEnvVarsInLog = 0;
		};
		AB2D93E933F4A0743BE4F50F /* CMake PostBuild Rules */ = {
			isa = PBXShellScriptBuildPhase;
			alwaysOutOfDate = 1;
			buildActionMask = 2147483647;
			files = (
			);
			inputPaths = (
			);
			name = "CMake PostBuild Rules";
			outputPaths = (
			);
			runOnlyForDeploymentPostprocessing = 0;
			shellPath = /bin/sh;
			shellScript = "set -e
if test \"$CONFIGURATION\" = \"Debug\"; then :
  cd /Users/alexmatos/flycast/build-ios/shell/apple/emulator-ios/AltKit
  cp $DERIVED_SOURCES_DIR/AltKit-Swift.h /Users/alexmatos/flycast/build-ios/shell/apple/emulator-ios/AltKit
fi
if test \"$CONFIGURATION\" = \"Release\"; then :
  cd /Users/alexmatos/flycast/build-ios/shell/apple/emulator-ios/AltKit
  cp $DERIVED_SOURCES_DIR/AltKit-Swift.h /Users/alexmatos/flycast/build-ios/shell/apple/emulator-ios/AltKit
fi
if test \"$CONFIGURATION\" = \"MinSizeRel\"; then :
  cd /Users/alexmatos/flycast/build-ios/shell/apple/emulator-ios/AltKit
  cp $DERIVED_SOURCES_DIR/AltKit-Swift.h /Users/alexmatos/flycast/build-ios/shell/apple/emulator-ios/AltKit
fi
if test \"$CONFIGURATION\" = \"RelWithDebInfo\"; then :
  cd /Users/alexmatos/flycast/build-ios/shell/apple/emulator-ios/AltKit
  cp $DERIVED_SOURCES_DIR/AltKit-Swift.h /Users/alexmatos/flycast/build-ios/shell/apple/emulator-ios/AltKit
fi
";
			showEnvVarsInLog = 0;
		};
		F3A661D5D368059F9CE9F53F /* Generate CMakeFiles/ZERO_CHECK */ = {
			isa = PBXShellScriptBuildPhase;
			alwaysOutOfDate = 1;
			buildActionMask = 2147483647;
			files = (
			);
			inputPaths = (
			);
			name = "Generate CMakeFiles/ZERO_CHECK";
			outputPaths = (
"/Users/alexmatos/flycast/build-ios/shell/apple/emulator-ios/AltKit/CMakeFiles/ZERO_CHECK"			);
			runOnlyForDeploymentPostprocessing = 0;
			shellPath = /bin/sh;
			shellScript = "set -e
if test \"$CONFIGURATION\" = \"Debug\"; then :
  cd /Users/alexmatos/flycast/build-ios/shell/apple/emulator-ios/AltKit
  make -f /Users/alexmatos/flycast/build-ios/shell/apple/emulator-ios/AltKit/CMakeScripts/ReRunCMake.make
fi
if test \"$CONFIGURATION\" = \"Release\"; then :
  cd /Users/alexmatos/flycast/build-ios/shell/apple/emulator-ios/AltKit
  make -f /Users/alexmatos/flycast/build-ios/shell/apple/emulator-ios/AltKit/CMakeScripts/ReRunCMake.make
fi
if test \"$CONFIGURATION\" = \"MinSizeRel\"; then :
  cd /Users/alexmatos/flycast/build-ios/shell/apple/emulator-ios/AltKit
  make -f /Users/alexmatos/flycast/build-ios/shell/apple/emulator-ios/AltKit/CMakeScripts/ReRunCMake.make
fi
if test \"$CONFIGURATION\" = \"RelWithDebInfo\"; then :
  cd /Users/alexmatos/flycast/build-ios/shell/apple/emulator-ios/AltKit
  make -f /Users/alexmatos/flycast/build-ios/shell/apple/emulator-ios/AltKit/CMakeScripts/ReRunCMake.make
fi
";
			showEnvVarsInLog = 0;
		};
/* End PBXShellScriptBuildPhase section */

/* Begin PBXSourcesBuildPhase section */
		436D4F5680D5432387C22BF8 /* Sources */ = {
			isa = PBXSourcesBuildPhase;
			buildActionMask = 2147483647;
			files = (
				11318319959C4A26B04237F0 /* /Users/alexmatos/flycast/shell/apple/emulator-ios/AltKit/Sources/AltKit/Extensions/ALTServerError+Conveniences.swift */,
				18565CF9C1B2447199312A4E /* /Users/alexmatos/flycast/shell/apple/emulator-ios/AltKit/Sources/AltKit/Extensions/Result+Conveniences.swift */,
				BA19B38B01A94493A621C329 /* /Users/alexmatos/flycast/shell/apple/emulator-ios/AltKit/Sources/AltKit/Server/Connection.swift */,
				7D7F6E17123A474DB21D5077 /* /Users/alexmatos/flycast/shell/apple/emulator-ios/AltKit/Sources/AltKit/Server/NetworkConnection.swift */,
				0781CA086E3C4474804A9ABF /* /Users/alexmatos/flycast/shell/apple/emulator-ios/AltKit/Sources/AltKit/Server/Server.swift */,
				4CF97D0D054249C9B51E6306 /* /Users/alexmatos/flycast/shell/apple/emulator-ios/AltKit/Sources/AltKit/Server/ServerConnection.swift */,
				FAA9B519DC304AB1882F61F7 /* /Users/alexmatos/flycast/shell/apple/emulator-ios/AltKit/Sources/AltKit/Server/ServerManager.swift */,
				9C1DE1FDE7A04A64901E3E6B /* /Users/alexmatos/flycast/shell/apple/emulator-ios/AltKit/Sources/AltKit/Server/ServerProtocol.swift */,
				B19D91E3AF3F41B1B19BABB5 /* /Users/alexmatos/flycast/shell/apple/emulator-ios/AltKit/Sources/AltKit/Types/CodableServerError.swift */,
			);
			runOnlyForDeploymentPostprocessing = 0;
		};
		71521687B862471298A50B18 /* Sources */ = {
			isa = PBXSourcesBuildPhase;
			buildActionMask = 2147483647;
			files = (
				FFF7B81754EE497190A697E6 /* /Users/alexmatos/flycast/shell/apple/emulator-ios/AltKit/Sources/CAltKit/NSError+ALTServerError.m */,
			);
			runOnlyForDeploymentPostprocessing = 0;
		};
/* End PBXSourcesBuildPhase section */

/* Begin PBXTargetDependency section */
		6042A60F1FBD46BDB137B337 /* PBXTargetDependency */ = {
			isa = PBXTargetDependency;
			target = 16BFDBBCC061913F1CADEF4A /* ALL_BUILD */;
			targetProxy = 4C624053E0CA4022878E391B /* PBXContainerItemProxy */;
		};
		74A218E45E384AA2BACF0682 /* PBXTargetDependency */ = {
			isa = PBXTargetDependency;
			target = B0B29501EBEC1C234713D131 /* ZERO_CHECK */;
			targetProxy = 97A0E3FCACCE4C628DD3DF42 /* PBXContainerItemProxy */;
		};
		7CA2A1405736459290C24504 /* PBXTargetDependency */ = {
			isa = PBXTargetDependency;
			target = CCFC52D0FC9924DF18FB7D7A /* AltKit */;
			targetProxy = B9E2A5A71D974F7E9CC230F0 /* PBXContainerItemProxy */;
		};
		82C9ABD98DC849FA9527E170 /* PBXTargetDependency */ = {
			isa = PBXTargetDependency;
			target = B0B29501EBEC1C234713D131 /* ZERO_CHECK */;
			targetProxy = FFFA36B0FC474ADABA5FE8EF /* PBXContainerItemProxy */;
		};
		A901E0E0890C40E19DD927B9 /* PBXTargetDependency */ = {
			isa = PBXTargetDependency;
			target = 19C354B4BAF364491BCB2867 /* CAltKit */;
			targetProxy = F0A187B1675E423CBE9898B5 /* PBXContainerItemProxy */;
		};
		C57F036528FE402FB14612EF /* PBXTargetDependency */ = {
			isa = PBXTargetDependency;
			target = 16BFDBBCC061913F1CADEF4A /* ALL_BUILD */;
			targetProxy = 2284E47B29EF4C5699648B34 /* PBXContainerItemProxy */;
		};
		CAA8FCEF91BD4CD5BDA4A8A6 /* PBXTargetDependency */ = {
			isa = PBXTargetDependency;
			target = 19C354B4BAF364491BCB2867 /* CAltKit */;
			targetProxy = 84857A326CD54253925C3FC8 /* PBXContainerItemProxy */;
		};
		FCF646386101471F8122A638 /* PBXTargetDependency */ = {
			isa = PBXTargetDependency;
			target = B0B29501EBEC1C234713D131 /* ZERO_CHECK */;
			targetProxy = CED0F8E7600D4DA6AB270327 /* PBXContainerItemProxy */;
		};
/* End PBXTargetDependency section */

/* Begin XCBuildConfiguration section */
		002DD6527F1C442BB4DC660B /* Debug */ = {
			isa = XCBuildConfiguration;
			buildSettings = {
				ALWAYS_SEARCH_USER_PATHS = NO;
				ARCHS = arm64;
				COMBINE_HIDPI_IMAGES = YES;
				CONFIGURATION_BUILD_DIR = "/Users/alexmatos/flycast/build-ios/shell/apple/emulator-ios/AltKit/Debug${EFFECTIVE_PLATFORM_NAME}";
				EXECUTABLE_PREFIX = lib;
				EXECUTABLE_SUFFIX = .a;
				GCC_GENERATE_DEBUGGING_SYMBOLS = YES;
				GCC_INLINES_ARE_PRIVATE_EXTERN = NO;
				GCC_OPTIMIZATION_LEVEL = 0;
				GCC_PREPROCESSOR_DEFINITIONS = ("'CMAKE_INTDIR=\"$(CONFIGURATION)$(EFFECTIVE_PLATFORM_NAME)\"'","$(inherited)");
				GCC_SYMBOLS_PRIVATE_EXTERN = NO;
				INSTALL_PATH = "";
				LIBRARY_STYLE = STATIC;
				ONLY_ACTIVE_ARCH = NO;
				OTHER_LIBTOOLFLAGS = ("");
				OTHER_REZFLAGS = "";
				OTHER_SWIFT_FLAGS = ("-Onone    -swift-version 5.0 ","$(inherited)");
				PRODUCT_NAME = AltKit;
				SECTORDER_FLAGS = "";
				SWIFT_ACTIVE_COMPILATION_CONDITIONS = ("$(inherited)");
				SWIFT_INCLUDE_PATHS = "/Users/alexmatos/flycast/shell/apple/emulator-ios/AltKit/Sources/CAltKit";
				SWIFT_VERSION = 5.0;
				TARGET_TEMP_DIR = "/Users/alexmatos/flycast/build-ios/build/AltKit.build/$(CONFIGURATION)$(EFFECTIVE_PLATFORM_NAME)";
				USE_HEADERMAP = NO;
				WARNING_CFLAGS = ("$(inherited)");
			};
			name = Debug;
		};
		1169C4A6908340508A439968 /* Release */ = {
			isa = XCBuildConfiguration;
			buildSettings = {
				ALWAYS_SEARCH_USER_PATHS = NO;
				ARCHS = arm64;
				COMBINE_HIDPI_IMAGES = YES;
				CONFIGURATION_BUILD_DIR = "/Users/alexmatos/flycast/build-ios/shell/apple/emulator-ios/AltKit/Release${EFFECTIVE_PLATFORM_NAME}";
				EXECUTABLE_PREFIX = lib;
				EXECUTABLE_SUFFIX = .a;
				GCC_GENERATE_DEBUGGING_SYMBOLS = NO;
				GCC_INLINES_ARE_PRIVATE_EXTERN = NO;
				GCC_OPTIMIZATION_LEVEL = 1;
				GCC_PREPROCESSOR_DEFINITIONS = ("'CMAKE_INTDIR=\"$(CONFIGURATION)$(EFFECTIVE_PLATFORM_NAME)\"'","$(inherited)");
				GCC_SYMBOLS_PRIVATE_EXTERN = NO;
				INSTALL_PATH = "";
				LIBRARY_STYLE = STATIC;
				ONLY_ACTIVE_ARCH = NO;
				OTHER_LIBTOOLFLAGS = ("");
				OTHER_REZFLAGS = "";
				OTHER_SWIFT_FLAGS = ("   -swift-version 5.0 ","$(inherited)");
				PRODUCT_NAME = AltKit;
				SECTORDER_FLAGS = "";
				SWIFT_ACTIVE_COMPILATION_CONDITIONS = ("$(inherited)");
				SWIFT_INCLUDE_PATHS = "/Users/alexmatos/flycast/shell/apple/emulator-ios/AltKit/Sources/CAltKit";
				SWIFT_VERSION = 5.0;
				TARGET_TEMP_DIR = "/Users/alexmatos/flycast/build-ios/build/AltKit.build/$(CONFIGURATION)$(EFFECTIVE_PLATFORM_NAME)";
				USE_HEADERMAP = NO;
				WARNING_CFLAGS = ("$(inherited)");
			};
			name = Release;
		};
		1688CFFF042041BC8DADA66A /* Debug */ = {
			isa = XCBuildConfiguration;
			buildSettings = {
				ALWAYS_SEARCH_USER_PATHS = NO;
				COMBINE_HIDPI_IMAGES = YES;
				GCC_GENERATE_DEBUGGING_SYMBOLS = YES;
				GCC_INLINES_ARE_PRIVATE_EXTERN = NO;
				GCC_OPTIMIZATION_LEVEL = 0;
				GCC_PREPROCESSOR_DEFINITIONS = ("'CMAKE_INTDIR=\"$(CONFIGURATION)$(EFFECTIVE_PLATFORM_NAME)\"'","$(inherited)");
				GCC_SYMBOLS_PRIVATE_EXTERN = NO;
				INSTALL_PATH = "";
				OTHER_LDFLAGS = ("","$(inherited)");
				OTHER_REZFLAGS = "";
				PRODUCT_NAME = install;
				SECTORDER_FLAGS = "";
				USE_HEADERMAP = NO;
				WARNING_CFLAGS = ("$(inherited)");
			};
			name = Debug;
		};
		2AEF3D60DDA94D2F87D1DD99 /* RelWithDebInfo */ = {
			isa = XCBuildConfiguration;
			buildSettings = {
				ALWAYS_SEARCH_USER_PATHS = NO;
				COMBINE_HIDPI_IMAGES = YES;
				GCC_GENERATE_DEBUGGING_SYMBOLS = YES;
				GCC_INLINES_ARE_PRIVATE_EXTERN = NO;
				GCC_OPTIMIZATION_LEVEL = 0;
				GCC_PREPROCESSOR_DEFINITIONS = ("'CMAKE_INTDIR=\"$(CONFIGURATION)$(EFFECTIVE_PLATFORM_NAME)\"'","$(inherited)");
				GCC_SYMBOLS_PRIVATE_EXTERN = NO;
				INSTALL_PATH = "";
				OTHER_LDFLAGS = ("","$(inherited)");
				OTHER_REZFLAGS = "";
				PRODUCT_NAME = ZERO_CHECK;
				SECTORDER_FLAGS = "";
				USE_HEADERMAP = NO;
				WARNING_CFLAGS = ("$(inherited)");
			};
			name = RelWithDebInfo;
		};
		389DF8E3F3324A3D9B515517 /* Release */ = {
			isa = XCBuildConfiguration;
			buildSettings = {
				ALWAYS_SEARCH_USER_PATHS = NO;
				COMBINE_HIDPI_IMAGES = YES;
				GCC_GENERATE_DEBUGGING_SYMBOLS = YES;
				GCC_INLINES_ARE_PRIVATE_EXTERN = NO;
				GCC_OPTIMIZATION_LEVEL = 0;
				GCC_PREPROCESSOR_DEFINITIONS = ("'CMAKE_INTDIR=\"$(CONFIGURATION)$(EFFECTIVE_PLATFORM_NAME)\"'","$(inherited)");
				GCC_SYMBOLS_PRIVATE_EXTERN = NO;
				INSTALL_PATH = "";
				OTHER_LDFLAGS = ("","$(inherited)");
				OTHER_REZFLAGS = "";
				PRODUCT_NAME = ZERO_CHECK;
				SECTORDER_FLAGS = "";
				USE_HEADERMAP = NO;
				WARNING_CFLAGS = ("$(inherited)");
			};
			name = Release;
		};
		429F93268AEB4AF4BE5A5E5E /* Debug */ = {
			isa = XCBuildConfiguration;
			buildSettings = {
				ALWAYS_SEARCH_USER_PATHS = NO;
				COMBINE_HIDPI_IMAGES = YES;
				GCC_GENERATE_DEBUGGING_SYMBOLS = YES;
				GCC_INLINES_ARE_PRIVATE_EXTERN = NO;
				GCC_OPTIMIZATION_LEVEL = 0;
				GCC_PREPROCESSOR_DEFINITIONS = ("'CMAKE_INTDIR=\"$(CONFIGURATION)$(EFFECTIVE_PLATFORM_NAME)\"'","$(inherited)");
				GCC_SYMBOLS_PRIVATE_EXTERN = NO;
				INSTALL_PATH = "";
				OTHER_LDFLAGS = ("","$(inherited)");
				OTHER_REZFLAGS = "";
				PRODUCT_NAME = ZERO_CHECK;
				SECTORDER_FLAGS = "";
				USE_HEADERMAP = NO;
				WARNING_CFLAGS = ("$(inherited)");
			};
			name = Debug;
		};
		621F5D62EBD445BA96E7AE91 /* MinSizeRel */ = {
			isa = XCBuildConfiguration;
			buildSettings = {
				ALWAYS_SEARCH_USER_PATHS = NO;
				COMBINE_HIDPI_IMAGES = YES;
				GCC_GENERATE_DEBUGGING_SYMBOLS = YES;
				GCC_INLINES_ARE_PRIVATE_EXTERN = NO;
				GCC_OPTIMIZATION_LEVEL = 0;
				GCC_PREPROCESSOR_DEFINITIONS = ("'CMAKE_INTDIR=\"$(CONFIGURATION)$(EFFECTIVE_PLATFORM_NAME)\"'","$(inherited)");
				GCC_SYMBOLS_PRIVATE_EXTERN = NO;
				INSTALL_PATH = "";
				OTHER_LDFLAGS = ("","$(inherited)");
				OTHER_REZFLAGS = "";
				PRODUCT_NAME = ALL_BUILD;
				SECTORDER_FLAGS = "";
				USE_HEADERMAP = NO;
				WARNING_CFLAGS = ("$(inherited)");
			};
			name = MinSizeRel;
		};
		667EA40A87F64EBA987E8170 /* Release */ = {
			isa = XCBuildConfiguration;
			buildSettings = {
				ALWAYS_SEARCH_USER_PATHS = NO;
				COMBINE_HIDPI_IMAGES = YES;
				GCC_GENERATE_DEBUGGING_SYMBOLS = YES;
				GCC_INLINES_ARE_PRIVATE_EXTERN = NO;
				GCC_OPTIMIZATION_LEVEL = 0;
				GCC_PREPROCESSOR_DEFINITIONS = ("'CMAKE_INTDIR=\"$(CONFIGURATION)$(EFFECTIVE_PLATFORM_NAME)\"'","$(inherited)");
				GCC_SYMBOLS_PRIVATE_EXTERN = NO;
				INSTALL_PATH = "";
				OTHER_LDFLAGS = ("","$(inherited)");
				OTHER_REZFLAGS = "";
				PRODUCT_NAME = package;
				SECTORDER_FLAGS = "";
				USE_HEADERMAP = NO;
				WARNING_CFLAGS = ("$(inherited)");
			};
			name = Release;
		};
		687304D88B024476BCD8123E /* RelWithDebInfo */ = {
			isa = XCBuildConfiguration;
			buildSettings = {
				ALWAYS_SEARCH_USER_PATHS = NO;
				ARCHS = arm64;
				COMBINE_HIDPI_IMAGES = YES;
				CONFIGURATION_BUILD_DIR = "/Users/alexmatos/flycast/build-ios/shell/apple/emulator-ios/AltKit/RelWithDebInfo${EFFECTIVE_PLATFORM_NAME}";
				EXECUTABLE_PREFIX = lib;
				EXECUTABLE_SUFFIX = .a;
				GCC_GENERATE_DEBUGGING_SYMBOLS = YES;
				GCC_INLINES_ARE_PRIVATE_EXTERN = NO;
				GCC_OPTIMIZATION_LEVEL = 2;
				GCC_PREPROCESSOR_DEFINITIONS = ("'CMAKE_INTDIR=\"$(CONFIGURATION)$(EFFECTIVE_PLATFORM_NAME)\"'","$(inherited)");
				GCC_SYMBOLS_PRIVATE_EXTERN = NO;
				INSTALL_PATH = "";
				LIBRARY_STYLE = STATIC;
				ONLY_ACTIVE_ARCH = NO;
				OTHER_CFLAGS = ("       -DNDEBUG ","$(inherited)");
				OTHER_LIBTOOLFLAGS = ("");
				OTHER_REZFLAGS = "";
				PRODUCT_NAME = CAltKit;
				SECTORDER_FLAGS = "";
				TARGET_TEMP_DIR = "/Users/alexmatos/flycast/build-ios/build/CAltKit.build/$(CONFIGURATION)$(EFFECTIVE_PLATFORM_NAME)";
				USE_HEADERMAP = NO;
				WARNING_CFLAGS = ("$(inherited)");
			};
			name = RelWithDebInfo;
		};
		72C66DAB9F004DA1B5E4E3B9 /* Debug */ = {
			isa = XCBuildConfiguration;
			buildSettings = {
				ALWAYS_SEARCH_USER_PATHS = NO;
				COMBINE_HIDPI_IMAGES = YES;
				GCC_GENERATE_DEBUGGING_SYMBOLS = YES;
				GCC_INLINES_ARE_PRIVATE_EXTERN = NO;
				GCC_OPTIMIZATION_LEVEL = 0;
				GCC_PREPROCESSOR_DEFINITIONS = ("'CMAKE_INTDIR=\"$(CONFIGURATION)$(EFFECTIVE_PLATFORM_NAME)\"'","$(inherited)");
				GCC_SYMBOLS_PRIVATE_EXTERN = NO;
				INSTALL_PATH = "";
				OTHER_LDFLAGS = ("","$(inherited)");
				OTHER_REZFLAGS = "";
				PRODUCT_NAME = package;
				SECTORDER_FLAGS = "";
				USE_HEADERMAP = NO;
				WARNING_CFLAGS = ("$(inherited)");
			};
			name = Debug;
		};
		85D0FBA9E50F473B8BFEC689 /* MinSizeRel */ = {
			isa = XCBuildConfiguration;
			buildSettings = {
				ARCHS = arm64;
				IPHONEOS_DEPLOYMENT_TARGET = 14.0;
				SDKROOT = iphoneos;
				SWIFT_COMPILATION_MODE = wholemodule;
				SWIFT_VERSION = 5.0;
				SYMROOT = "/Users/alexmatos/flycast/build-ios/build";
			};
			name = MinSizeRel;
		};
		8AC14DF645A549B09C33C6D3 /* Debug */ = {
			isa = XCBuildConfiguration;
			buildSettings = {
				ARCHS = arm64;
				IPHONEOS_DEPLOYMENT_TARGET = 14.0;
				SDKROOT = iphoneos;
				SWIFT_VERSION = 5.0;
				SYMROOT = "/Users/alexmatos/flycast/build-ios/build";
			};
			name = Debug;
		};
		91A6F5DB1E704BB0AB54123F /* Release */ = {
			isa = XCBuildConfiguration;
			buildSettings = {
				ALWAYS_SEARCH_USER_PATHS = NO;
				ARCHS = arm64;
				COMBINE_HIDPI_IMAGES = YES;
				CONFIGURATION_BUILD_DIR = "/Users/alexmatos/flycast/build-ios/shell/apple/emulator-ios/AltKit/Release${EFFECTIVE_PLATFORM_NAME}";
				EXECUTABLE_PREFIX = lib;
				EXECUTABLE_SUFFIX = .a;
				GCC_GENERATE_DEBUGGING_SYMBOLS = NO;
				GCC_INLINES_ARE_PRIVATE_EXTERN = NO;
				GCC_OPTIMIZATION_LEVEL = 3;
				GCC_PREPROCESSOR_DEFINITIONS = ("'CMAKE_INTDIR=\"$(CONFIGURATION)$(EFFECTIVE_PLATFORM_NAME)\"'","$(inherited)");
				GCC_SYMBOLS_PRIVATE_EXTERN = NO;
				INSTALL_PATH = "";
				LIBRARY_STYLE = STATIC;
				ONLY_ACTIVE_ARCH = NO;
				OTHER_CFLAGS = ("    -DNDEBUG ","$(inherited)");
				OTHER_LIBTOOLFLAGS = ("");
				OTHER_REZFLAGS = "";
				PRODUCT_NAME = CAltKit;
				SECTORDER_FLAGS = "";
				TARGET_TEMP_DIR = "/Users/alexmatos/flycast/build-ios/build/CAltKit.build/$(CONFIGURATION)$(EFFECTIVE_PLATFORM_NAME)";
				USE_HEADERMAP = NO;
				WARNING_CFLAGS = ("$(inherited)");
			};
			name = Release;
		};
		91B4DA58B06C482BAA12BEDA /* MinSizeRel */ = {
			isa = XCBuildConfiguration;
			buildSettings = {
				ALWAYS_SEARCH_USER_PATHS = NO;
				ARCHS = arm64;
				COMBINE_HIDPI_IMAGES = YES;
				CONFIGURATION_BUILD_DIR = "/Users/alexmatos/flycast/build-ios/shell/apple/emulator-ios/AltKit/MinSizeRel${EFFECTIVE_PLATFORM_NAME}";
				EXECUTABLE_PREFIX = lib;
				EXECUTABLE_SUFFIX = .a;
				GCC_GENERATE_DEBUGGING_SYMBOLS = NO;
				GCC_INLINES_ARE_PRIVATE_EXTERN = NO;
				GCC_OPTIMIZATION_LEVEL = 0;
				GCC_PREPROCESSOR_DEFINITIONS = ("'CMAKE_INTDIR=\"$(CONFIGURATION)$(EFFECTIVE_PLATFORM_NAME)\"'","$(inherited)");
				GCC_SYMBOLS_PRIVATE_EXTERN = NO;
				INSTALL_PATH = "";
				LIBRARY_STYLE = STATIC;
				ONLY_ACTIVE_ARCH = NO;
				OTHER_LIBTOOLFLAGS = ("");
				OTHER_REZFLAGS = "";
				OTHER_SWIFT_FLAGS = ("-Osize -swift-version 5.0 ","$(inherited)");
				PRODUCT_NAME = AltKit;
				SECTORDER_FLAGS = "";
				SWIFT_ACTIVE_COMPILATION_CONDITIONS = ("$(inherited)");
				SWIFT_INCLUDE_PATHS = "/Users/alexmatos/flycast/shell/apple/emulator-ios/AltKit/Sources/CAltKit";
				SWIFT_VERSION = 5.0;
				TARGET_TEMP_DIR = "/Users/alexmatos/flycast/build-ios/build/AltKit.build/$(CONFIGURATION)$(EFFECTIVE_PLATFORM_NAME)";
				USE_HEADERMAP = NO;
				WARNING_CFLAGS = ("$(inherited)");
			};
			name = MinSizeRel;
		};
		954C8234484444D5B34F9E0A /* RelWithDebInfo */ = {
			isa = XCBuildConfiguration;
			buildSettings = {
				ALWAYS_SEARCH_USER_PATHS = NO;
				COMBINE_HIDPI_IMAGES = YES;
				GCC_GENERATE_DEBUGGING_SYMBOLS = YES;
				GCC_INLINES_ARE_PRIVATE_EXTERN = NO;
				GCC_OPTIMIZATION_LEVEL = 0;
				GCC_PREPROCESSOR_DEFINITIONS = ("'CMAKE_INTDIR=\"$(CONFIGURATION)$(EFFECTIVE_PLATFORM_NAME)\"'","$(inherited)");
				GCC_SYMBOLS_PRIVATE_EXTERN = NO;
				INSTALL_PATH = "";
				OTHER_LDFLAGS = ("","$(inherited)");
				OTHER_REZFLAGS = "";
				PRODUCT_NAME = install;
				SECTORDER_FLAGS = "";
				USE_HEADERMAP = NO;
				WARNING_CFLAGS = ("$(inherited)");
			};
			name = RelWithDebInfo;
		};
		A1B79018CFB0459680D959E0 /* Debug */ = {
			isa = XCBuildConfiguration;
			buildSettings = {
				ALWAYS_SEARCH_USER_PATHS = NO;
				ARCHS = arm64;
				COMBINE_HIDPI_IMAGES = YES;
				CONFIGURATION_BUILD_DIR = "/Users/alexmatos/flycast/build-ios/shell/apple/emulator-ios/AltKit/Debug${EFFECTIVE_PLATFORM_NAME}";
				EXECUTABLE_PREFIX = lib;
				EXECUTABLE_SUFFIX = .a;
				GCC_GENERATE_DEBUGGING_SYMBOLS = YES;
				GCC_INLINES_ARE_PRIVATE_EXTERN = NO;
				GCC_OPTIMIZATION_LEVEL = 0;
				GCC_PREPROCESSOR_DEFINITIONS = ("'CMAKE_INTDIR=\"$(CONFIGURATION)$(EFFECTIVE_PLATFORM_NAME)\"'","$(inherited)");
				GCC_SYMBOLS_PRIVATE_EXTERN = NO;
				INSTALL_PATH = "";
				LIBRARY_STYLE = STATIC;
				ONLY_ACTIVE_ARCH = NO;
				OTHER_CFLAGS = ("   ","$(inherited)");
				OTHER_LIBTOOLFLAGS = ("");
				OTHER_REZFLAGS = "";
				PRODUCT_NAME = CAltKit;
				SECTORDER_FLAGS = "";
				TARGET_TEMP_DIR = "/Users/alexmatos/flycast/build-ios/build/CAltKit.build/$(CONFIGURATION)$(EFFECTIVE_PLATFORM_NAME)";
				USE_HEADERMAP = NO;
				WARNING_CFLAGS = ("$(inherited)");
			};
			name = Debug;
		};
		AC2F2928C3034B9C92A7A9AC /* Debug */ = {
			isa = XCBuildConfiguration;
			buildSettings = {
				ALWAYS_SEARCH_USER_PATHS = NO;
				COMBINE_HIDPI_IMAGES = YES;
				GCC_GENERATE_DEBUGGING_SYMBOLS = YES;
				GCC_INLINES_ARE_PRIVATE_EXTERN = NO;
				GCC_OPTIMIZATION_LEVEL = 0;
				GCC_PREPROCESSOR_DEFINITIONS = ("'CMAKE_INTDIR=\"$(CONFIGURATION)$(EFFECTIVE_PLATFORM_NAME)\"'","$(inherited)");
				GCC_SYMBOLS_PRIVATE_EXTERN = NO;
				INSTALL_PATH = "";
				OTHER_LDFLAGS = ("","$(inherited)");
				OTHER_REZFLAGS = "";
				PRODUCT_NAME = ALL_BUILD;
				SECTORDER_FLAGS = "";
				USE_HEADERMAP = NO;
				WARNING_CFLAGS = ("$(inherited)");
			};
			name = Debug;
		};
		BB0D08553EA84A069C535CC6 /* RelWithDebInfo */ = {
			isa = XCBuildConfiguration;
			buildSettings = {
				ARCHS = arm64;
				IPHONEOS_DEPLOYMENT_TARGET = 14.0;
				SDKROOT = iphoneos;
				SWIFT_COMPILATION_MODE = wholemodule;
				SWIFT_VERSION = 5.0;
				SYMROOT = "/Users/alexmatos/flycast/build-ios/build";
			};
			name = RelWithDebInfo;
		};
		C3BB142BC0DC48DEA6F169EF /* Release */ = {
			isa = XCBuildConfiguration;
			buildSettings = {
				ALWAYS_SEARCH_USER_PATHS = NO;
				COMBINE_HIDPI_IMAGES = YES;
				GCC_GENERATE_DEBUGGING_SYMBOLS = YES;
				GCC_INLINES_ARE_PRIVATE_EXTERN = NO;
				GCC_OPTIMIZATION_LEVEL = 0;
				GCC_PREPROCESSOR_DEFINITIONS = ("'CMAKE_INTDIR=\"$(CONFIGURATION)$(EFFECTIVE_PLATFORM_NAME)\"'","$(inherited)");
				GCC_SYMBOLS_PRIVATE_EXTERN = NO;
				INSTALL_PATH = "";
				OTHER_LDFLAGS = ("","$(inherited)");
				OTHER_REZFLAGS = "";
				PRODUCT_NAME = ALL_BUILD;
				SECTORDER_FLAGS = "";
				USE_HEADERMAP = NO;
				WARNING_CFLAGS = ("$(inherited)");
			};
			name = Release;
		};
		CB7938EB89DD44F78FB62192 /* RelWithDebInfo */ = {
			isa = XCBuildConfiguration;
			buildSettings = {
				ALWAYS_SEARCH_USER_PATHS = NO;
				COMBINE_HIDPI_IMAGES = YES;
				GCC_GENERATE_DEBUGGING_SYMBOLS = YES;
				GCC_INLINES_ARE_PRIVATE_EXTERN = NO;
				GCC_OPTIMIZATION_LEVEL = 0;
				GCC_PREPROCESSOR_DEFINITIONS = ("'CMAKE_INTDIR=\"$(CONFIGURATION)$(EFFECTIVE_PLATFORM_NAME)\"'","$(inherited)");
				GCC_SYMBOLS_PRIVATE_EXTERN = NO;
				INSTALL_PATH = "";
				OTHER_LDFLAGS = ("","$(inherited)");
				OTHER_REZFLAGS = "";
				PRODUCT_NAME = package;
				SECTORDER_FLAGS = "";
				USE_HEADERMAP = NO;
				WARNING_CFLAGS = ("$(inherited)");
			};
			name = RelWithDebInfo;
		};
		CC418ADE54664EB59D6605FC /* Release */ = {
			isa = XCBuildConfiguration;
			buildSettings = {
				ALWAYS_SEARCH_USER_PATHS = NO;
				COMBINE_HIDPI_IMAGES = YES;
				GCC_GENERATE_DEBUGGING_SYMBOLS = YES;
				GCC_INLINES_ARE_PRIVATE_EXTERN = NO;
				GCC_OPTIMIZATION_LEVEL = 0;
				GCC_PREPROCESSOR_DEFINITIONS = ("'CMAKE_INTDIR=\"$(CONFIGURATION)$(EFFECTIVE_PLATFORM_NAME)\"'","$(inherited)");
				GCC_SYMBOLS_PRIVATE_EXTERN = NO;
				INSTALL_PATH = "";
				OTHER_LDFLAGS = ("","$(inherited)");
				OTHER_REZFLAGS = "";
				PRODUCT_NAME = install;
				SECTORDER_FLAGS = "";
				USE_HEADERMAP = NO;
				WARNING_CFLAGS = ("$(inherited)");
			};
			name = Release;
		};
		CD6B6565A68A4D71BE2EAA77 /* RelWithDebInfo */ = {
			isa = XCBuildConfiguration;
			buildSettings = {
				ALWAYS_SEARCH_USER_PATHS = NO;
				COMBINE_HIDPI_IMAGES = YES;
				GCC_GENERATE_DEBUGGING_SYMBOLS = YES;
				GCC_INLINES_ARE_PRIVATE_EXTERN = NO;
				GCC_OPTIMIZATION_LEVEL = 0;
				GCC_PREPROCESSOR_DEFINITIONS = ("'CMAKE_INTDIR=\"$(CONFIGURATION)$(EFFECTIVE_PLATFORM_NAME)\"'","$(inherited)");
				GCC_SYMBOLS_PRIVATE_EXTERN = NO;
				INSTALL_PATH = "";
				OTHER_LDFLAGS = ("","$(inherited)");
				OTHER_REZFLAGS = "";
				PRODUCT_NAME = ALL_BUILD;
				SECTORDER_FLAGS = "";
				USE_HEADERMAP = NO;
				WARNING_CFLAGS = ("$(inherited)");
			};
			name = RelWithDebInfo;
		};
		CE4A8E05197D41D08D3443B1 /* Release */ = {
			isa = XCBuildConfiguration;
			buildSettings = {
				ARCHS = arm64;
				IPHONEOS_DEPLOYMENT_TARGET = 14.0;
				SDKROOT = iphoneos;
				SWIFT_COMPILATION_MODE = wholemodule;
				SWIFT_VERSION = 5.0;
				SYMROOT = "/Users/alexmatos/flycast/build-ios/build";
			};
			name = Release;
		};
		F1447850D1894121A6CE6073 /* MinSizeRel */ = {
			isa = XCBuildConfiguration;
			buildSettings = {
				ALWAYS_SEARCH_USER_PATHS = NO;
				COMBINE_HIDPI_IMAGES = YES;
				GCC_GENERATE_DEBUGGING_SYMBOLS = YES;
				GCC_INLINES_ARE_PRIVATE_EXTERN = NO;
				GCC_OPTIMIZATION_LEVEL = 0;
				GCC_PREPROCESSOR_DEFINITIONS = ("'CMAKE_INTDIR=\"$(CONFIGURATION)$(EFFECTIVE_PLATFORM_NAME)\"'","$(inherited)");
				GCC_SYMBOLS_PRIVATE_EXTERN = NO;
				INSTALL_PATH = "";
				OTHER_LDFLAGS = ("","$(inherited)");
				OTHER_REZFLAGS = "";
				PRODUCT_NAME = package;
				SECTORDER_FLAGS = "";
				USE_HEADERMAP = NO;
				WARNING_CFLAGS = ("$(inherited)");
			};
			name = MinSizeRel;
		};
		F60BC70416E643B0A9EC471B /* MinSizeRel */ = {
			isa = XCBuildConfiguration;
			buildSettings = {
				ALWAYS_SEARCH_USER_PATHS = NO;
				ARCHS = arm64;
				COMBINE_HIDPI_IMAGES = YES;
				CONFIGURATION_BUILD_DIR = "/Users/alexmatos/flycast/build-ios/shell/apple/emulator-ios/AltKit/MinSizeRel${EFFECTIVE_PLATFORM_NAME}";
				EXECUTABLE_PREFIX = lib;
				EXECUTABLE_SUFFIX = .a;
				GCC_GENERATE_DEBUGGING_SYMBOLS = NO;
				GCC_INLINES_ARE_PRIVATE_EXTERN = NO;
				GCC_OPTIMIZATION_LEVEL = s;
				GCC_PREPROCESSOR_DEFINITIONS = ("'CMAKE_INTDIR=\"$(CONFIGURATION)$(EFFECTIVE_PLATFORM_NAME)\"'","$(inherited)");
				GCC_SYMBOLS_PRIVATE_EXTERN = NO;
				INSTALL_PATH = "";
				LIBRARY_STYLE = STATIC;
				ONLY_ACTIVE_ARCH = NO;
				OTHER_CFLAGS = ("    -DNDEBUG ","$(inherited)");
				OTHER_LIBTOOLFLAGS = ("");
				OTHER_REZFLAGS = "";
				PRODUCT_NAME = CAltKit;
				SECTORDER_FLAGS = "";
				TARGET_TEMP_DIR = "/Users/alexmatos/flycast/build-ios/build/CAltKit.build/$(CONFIGURATION)$(EFFECTIVE_PLATFORM_NAME)";
				USE_HEADERMAP = NO;
				WARNING_CFLAGS = ("$(inherited)");
			};
			name = MinSizeRel;
		};
		F79DF3832D6543CAA6B851D4 /* RelWithDebInfo */ = {
			isa = XCBuildConfiguration;
			buildSettings = {
				ALWAYS_SEARCH_USER_PATHS = NO;
				ARCHS = arm64;
				COMBINE_HIDPI_IMAGES = YES;
				CONFIGURATION_BUILD_DIR = "/Users/alexmatos/flycast/build-ios/shell/apple/emulator-ios/AltKit/RelWithDebInfo${EFFECTIVE_PLATFORM_NAME}";
				EXECUTABLE_PREFIX = lib;
				EXECUTABLE_SUFFIX = .a;
				GCC_GENERATE_DEBUGGING_SYMBOLS = YES;
				GCC_INLINES_ARE_PRIVATE_EXTERN = NO;
				GCC_OPTIMIZATION_LEVEL = 1;
				GCC_PREPROCESSOR_DEFINITIONS = ("'CMAKE_INTDIR=\"$(CONFIGURATION)$(EFFECTIVE_PLATFORM_NAME)\"'","$(inherited)");
				GCC_SYMBOLS_PRIVATE_EXTERN = NO;
				INSTALL_PATH = "";
				LIBRARY_STYLE = STATIC;
				ONLY_ACTIVE_ARCH = NO;
				OTHER_LIBTOOLFLAGS = ("");
				OTHER_REZFLAGS = "";
				OTHER_SWIFT_FLAGS = ("      -swift-version 5.0 ","$(inherited)");
				PRODUCT_NAME = AltKit;
				SECTORDER_FLAGS = "";
				SWIFT_ACTIVE_COMPILATION_CONDITIONS = ("$(inherited)");
				SWIFT_INCLUDE_PATHS = "/Users/alexmatos/flycast/shell/apple/emulator-ios/AltKit/Sources/CAltKit";
				SWIFT_VERSION = 5.0;
				TARGET_TEMP_DIR = "/Users/alexmatos/flycast/build-ios/build/AltKit.build/$(CONFIGURATION)$(EFFECTIVE_PLATFORM_NAME)";
				USE_HEADERMAP = NO;
				WARNING_CFLAGS = ("$(inherited)");
			};
			name = RelWithDebInfo;
		};
		F98B122FFEDC45E3ACBA4611 /* MinSizeRel */ = {
			isa = XCBuildConfiguration;
			buildSettings = {
				ALWAYS_SEARCH_USER_PATHS = NO;
				COMBINE_HIDPI_IMAGES = YES;
				GCC_GENERATE_DEBUGGING_SYMBOLS = YES;
				GCC_INLINES_ARE_PRIVATE_EXTERN = NO;
				GCC_OPTIMIZATION_LEVEL = 0;
				GCC_PREPROCESSOR_DEFINITIONS = ("'CMAKE_INTDIR=\"$(CONFIGURATION)$(EFFECTIVE_PLATFORM_NAME)\"'","$(inherited)");
				GCC_SYMBOLS_PRIVATE_EXTERN = NO;
				INSTALL_PATH = "";
				OTHER_LDFLAGS = ("","$(inherited)");
				OTHER_REZFLAGS = "";
				PRODUCT_NAME = ZERO_CHECK;
				SECTORDER_FLAGS = "";
				USE_HEADERMAP = NO;
				WARNING_CFLAGS = ("$(inherited)");
			};
			name = MinSizeRel;
		};
		FBB37ACA0E1E4482A148558A /* MinSizeRel */ = {
			isa = XCBuildConfiguration;
			buildSettings = {
				ALWAYS_SEARCH_USER_PATHS = NO;
				COMBINE_HIDPI_IMAGES = YES;
				GCC_GENERATE_DEBUGGING_SYMBOLS = YES;
				GCC_INLINES_ARE_PRIVATE_EXTERN = NO;
				GCC_OPTIMIZATION_LEVEL = 0;
				GCC_PREPROCESSOR_DEFINITIONS = ("'CMAKE_INTDIR=\"$(CONFIGURATION)$(EFFECTIVE_PLATFORM_NAME)\"'","$(inherited)");
				GCC_SYMBOLS_PRIVATE_EXTERN = NO;
				INSTALL_PATH = "";
				OTHER_LDFLAGS = ("","$(inherited)");
				OTHER_REZFLAGS = "";
				PRODUCT_NAME = install;
				SECTORDER_FLAGS = "";
				USE_HEADERMAP = NO;
				WARNING_CFLAGS = ("$(inherited)");
			};
			name = MinSizeRel;
		};
/* End XCBuildConfiguration section */

/* Begin XCConfigurationList section */
		10C5D15110C342A4AD275707 /* Build configuration list for PBXProject "AltKit" */ = {
			isa = XCConfigurationList;
			buildConfigurations = (
				8AC14DF645A549B09C33C6D3 /* Debug */,
				CE4A8E05197D41D08D3443B1 /* Release */,
				85D0FBA9E50F473B8BFEC689 /* MinSizeRel */,
				BB0D08553EA84A069C535CC6 /* RelWithDebInfo */,
			);
			defaultConfigurationIsVisible = 0;
			defaultConfigurationName = Debug;
		};
		13DBEAE27DF749E99600CBEC /* Build configuration list for PBXAggregateTarget "package" */ = {
			isa = XCConfigurationList;
			buildConfigurations = (
				72C66DAB9F004DA1B5E4E3B9 /* Debug */,
				667EA40A87F64EBA987E8170 /* Release */,
				F1447850D1894121A6CE6073 /* MinSizeRel */,
				CB7938EB89DD44F78FB62192 /* RelWithDebInfo */,
			);
			defaultConfigurationIsVisible = 0;
			defaultConfigurationName = Debug;
		};
		32F21D6CE93F4AD0AE802F5E /* Build configuration list for PBXNativeTarget "CAltKit" */ = {
			isa = XCConfigurationList;
			buildConfigurations = (
				A1B79018CFB0459680D959E0 /* Debug */,
				91A6F5DB1E704BB0AB54123F /* Release */,
				F60BC70416E643B0A9EC471B /* MinSizeRel */,
				687304D88B024476BCD8123E /* RelWithDebInfo */,
			);
			defaultConfigurationIsVisible = 0;
			defaultConfigurationName = Debug;
		};
		459ECCBEBEE1401DBA92CDC3 /* Build configuration list for PBXAggregateTarget "ALL_BUILD" */ = {
			isa = XCConfigurationList;
			buildConfigurations = (
				AC2F2928C3034B9C92A7A9AC /* Debug */,
				C3BB142BC0DC48DEA6F169EF /* Release */,
				621F5D62EBD445BA96E7AE91 /* MinSizeRel */,
				CD6B6565A68A4D71BE2EAA77 /* RelWithDebInfo */,
			);
			defaultConfigurationIsVisible = 0;
			defaultConfigurationName = Debug;
		};
		51EBE80A76BF4E809B1C72D0 /* Build configuration list for PBXAggregateTarget "ZERO_CHECK" */ = {
			isa = XCConfigurationList;
			buildConfigurations = (
				429F93268AEB4AF4BE5A5E5E /* Debug */,
				389DF8E3F3324A3D9B515517 /* Release */,
				F98B122FFEDC45E3ACBA4611 /* MinSizeRel */,
				2AEF3D60DDA94D2F87D1DD99 /* RelWithDebInfo */,
			);
			defaultConfigurationIsVisible = 0;
			defaultConfigurationName = Debug;
		};
		564CC74D44D14A3DA91ACC44 /* Build configuration list for PBXAggregateTarget "install" */ = {
			isa = XCConfigurationList;
			buildConfigurations = (
				1688CFFF042041BC8DADA66A /* Debug */,
				CC418ADE54664EB59D6605FC /* Release */,
				FBB37ACA0E1E4482A148558A /* MinSizeRel */,
				954C8234484444D5B34F9E0A /* RelWithDebInfo */,
			);
			defaultConfigurationIsVisible = 0;
			defaultConfigurationName = Debug;
		};
		D1EF09277DC14EB498A1B00F /* Build configuration list for PBXNativeTarget "AltKit" */ = {
			isa = XCConfigurationList;
			buildConfigurations = (
				002DD6527F1C442BB4DC660B /* Debug */,
				1169C4A6908340508A439968 /* Release */,
				91B4DA58B06C482BAA12BEDA /* MinSizeRel */,
				F79DF3832D6543CAA6B851D4 /* RelWithDebInfo */,
			);
			defaultConfigurationIsVisible = 0;
			defaultConfigurationName = Debug;
		};
/* End XCConfigurationList section */
	};
	rootObject = 0AA8456DFC164E72AB64EEAC /* Project object */;
}
